
Microsoft Visual Studio Solution File, Format Version 12.00
# Visual Studio Version 17
VisualStudioVersion = 17.0.31903.59
MinimumVisualStudioVersion = 10.0.40219.1
Project("{FAE04EC0-301F-11D3-BF4B-00C04F79EFBC}") = "API", "API\API.csproj", "{ABD159EA-1207-4D2B-8A6E-0FB60A38D89B}"
EndProject
Global
	GlobalSection(SolutionConfigurationPlatforms) = preSolution
		Debug|Any CPU = Debug|Any CPU
		Release|Any CPU = Release|Any CPU
	EndGlobalSection
	GlobalSection(SolutionProperties) = preSolution
		HideSolutionNode = FALSE
	EndGlobalSection
	GlobalSection(ProjectConfigurationPlatforms) = postSolution
		{ABD159EA-1207-4D2B-8A6E-0FB60A38D89B}.Debug|Any CPU.ActiveCfg = Debug|Any CPU
		{ABD159EA-1207-4D2B-8A6E-0FB60A38D89B}.Debug|Any CPU.Build.0 = Debug|Any CPU
		{ABD159EA-1207-4D2B-8A6E-0FB60A38D89B}.Release|Any CPU.ActiveCfg = Release|Any CPU
		{ABD159EA-1207-4D2B-8A6E-0FB60A38D89B}.Release|Any CPU.Build.0 = Release|Any CPU
	EndGlobalSection
EndGlobal
